
Microsoft Visual Studio Solution File, Format Version 12.00
# Visual Studio for Mac
Project("{FAE04EC0-301F-11D3-BF4B-00C04F79EFBC}") = "Assembly-CSharp", "Assembly-CSharp.csproj", "{A11E5D38-EA8E-AD4F-A7BB-AE15817C856D}"
EndProject
Global
	GlobalSection(SolutionConfigurationPlatforms) = preSolution
		Debug|Any CPU = Debug|Any CPU
		Release|Any CPU = Release|Any CPU
	EndGlobalSection
	GlobalSection(ProjectConfigurationPlatforms) = postSolution
		{A11E5D38-EA8E-AD4F-A7BB-AE15817C856D}.Debug|Any CPU.ActiveCfg = Debug|Any CPU
		{A11E5D38-EA8E-AD4F-A7BB-AE15817C856D}.Debug|Any CPU.Build.0 = Debug|Any CPU
		{A11E5D38-EA8E-AD4F-A7BB-AE15817C856D}.Release|Any CPU.ActiveCfg = Release|Any CPU
		{A11E5D38-EA8E-AD4F-A7BB-AE15817C856D}.Release|Any CPU.Build.0 = Release|Any CPU
	EndGlobalSection
	GlobalSection(SolutionProperties) = preSolution
		HideSolutionNode = FALSE
	EndGlobalSection
EndGlobal
